
Microsoft Visual Studio Solution File, Format Version 12.00
# Visual Studio 14
VisualStudioVersion = 14.0.24720.0
MinimumVisualStudioVersion = 10.0.40219.1
Project("{8BC9CEB8-8B4A-11D0-8D11-00A0C91BC942}") = "Game Engine", "Game Engine\Game Engine.vcxproj", "{237EAF5A-DA2E-490A-A80D-C7DC02EDFC82}"
EndProject
Project("{8BC9CEB8-8B4A-11D0-8D11-00A0C91BC942}") = "Map Editor", "Map Editor\Map Editor.vcxproj", "{6E1DE1A6-8677-4D2F-9806-7A2C17D9C2A9}"
EndProject
Global
	GlobalSection(SolutionConfigurationPlatforms) = preSolution
		Debug|x64 = Debug|x64
		Debug|x86 = Debug|x86
		Release|x64 = Release|x64
		Release|x86 = Release|x86
	EndGlobalSection
	GlobalSection(ProjectConfigurationPlatforms) = postSolution
		{237EAF5A-DA2E-490A-A80D-C7DC02EDFC82}.Debug|x64.ActiveCfg = Debug|x64
		{237EAF5A-DA2E-490A-A80D-C7DC02EDFC82}.Debug|x64.Build.0 = Debug|x64
		{237EAF5A-DA2E-490A-A80D-C7DC02EDFC82}.Debug|x86.ActiveCfg = Debug|Win32
		{237EAF5A-DA2E-490A-A80D-C7DC02EDFC82}.Debug|x86.Build.0 = Debug|Win32
		{237EAF5A-DA2E-490A-A80D-C7DC02EDFC82}.Release|x64.ActiveCfg = Release|x64
		{237EAF5A-DA2E-490A-A80D-C7DC02EDFC82}.Release|x64.Build.0 = Release|x64
		{237EAF5A-DA2E-490A-A80D-C7DC02EDFC82}.Release|x86.ActiveCfg = Release|Win32
		{237EAF5A-DA2E-490A-A80D-C7DC02EDFC82}.Release|x86.Build.0 = Release|Win32
		{6E1DE1A6-8677-4D2F-9806-7A2C17D9C2A9}.Debug|x64.ActiveCfg = Debug|x64
		{6E1DE1A6-8677-4D2F-9806-7A2C17D9C2A9}.Debug|x64.Build.0 = Debug|x64
		{6E1DE1A6-8677-4D2F-9806-7A2C17D9C2A9}.Debug|x86.ActiveCfg = Debug|Win32
		{6E1DE1A6-8677-4D2F-9806-7A2C17D9C2A9}.Debug|x86.Build.0 = Debug|Win32
		{6E1DE1A6-8677-4D2F-9806-7A2C17D9C2A9}.Release|x64.ActiveCfg = Release|x64
		{6E1DE1A6-8677-4D2F-9806-7A2C17D9C2A9}.Release|x64.Build.0 = Release|x64
		{6E1DE1A6-8677-4D2F-9806-7A2C17D9C2A9}.Release|x86.ActiveCfg = Release|Win32
		{6E1DE1A6-8677-4D2F-9806-7A2C17D9C2A9}.Release|x86.Build.0 = Release|Win32
	EndGlobalSection
	GlobalSection(SolutionProperties) = preSolution
		HideSolutionNode = FALSE
	EndGlobalSection
EndGlobal
