<?xml version="1.0" encoding="utf-8"?>
<Project ToolsVersion="4.0" xmlns="http://schemas.microsoft.com/developer/msbuild/2003">
  <ItemGroup>
    <Filter Include="Source Files">
      <UniqueIdentifier>{4FC737F1-C7A5-4376-A066-2A32D752A2FF}</UniqueIdentifier>
      <Extensions>cpp;c;cc;cxx;def;odl;idl;hpj;bat;asm;asmx</Extensions>
    </Filter>
    <Filter Include="Header Files">
      <UniqueIdentifier>{93995380-89BD-4b04-88EB-625FBE52EBFB}</UniqueIdentifier>
      <Extensions>h;hh;hpp;hxx;hm;inl;inc;xsd</Extensions>
    </Filter>
    <Filter Include="Resource Files">
      <UniqueIdentifier>{67DA6AB6-F800-4c08-8B7A-83BB121AAD01}</UniqueIdentifier>
      <Extensions>rc;ico;cur;bmp;dlg;rc2;rct;bin;rgs;gif;jpg;jpeg;jpe;resx;tiff;tif;png;wav;mfcribbon-ms</Extensions>
    </Filter>
  </ItemGroup>
  <ItemGroup>
    <ClCompile Include="src\Main.cpp">
      <Filter>Source Files</Filter>
    </ClCompile>
    <ClCompile Include="src\engine\game\world\map\ZoneMap.cpp">
      <Filter>Source Files</Filter>
    </ClCompile>
    <ClCompile Include="src\engine\game\Game.cpp">
      <Filter>Source Files</Filter>
    </ClCompile>
    <ClCompile Include="src\engine\gfx\font\Font.cpp">
      <Filter>Source Files</Filter>
    </ClCompile>
    <ClCompile Include="src\engine\gfx\gui\base\Component.cpp">
      <Filter>Source Files</Filter>
    </ClCompile>
    <ClCompile Include="src\engine\gfx\gui\console\Console.cpp">
      <Filter>Source Files</Filter>
    </ClCompile>
    <ClCompile Include="src\engine\gfx\LTexture.cpp">
      <Filter>Source Files</Filter>
    </ClCompile>
    <ClCompile Include="src\Application.cpp">
      <Filter>Source Files</Filter>
    </ClCompile>
    <ClCompile Include="lib\glfw\include\getopt.c">
      <Filter>Source Files</Filter>
    </ClCompile>
    <ClCompile Include="lib\glfw\include\glad.c">
      <Filter>Source Files</Filter>
    </ClCompile>
    <ClCompile Include="lib\glfw\include\tinycthread.c">
      <Filter>Source Files</Filter>
    </ClCompile>
  </ItemGroup>
  <ItemGroup>
    <ClInclude Include="include\engine\game\world\map\ZoneMap.h">
      <Filter>Header Files</Filter>
    </ClInclude>
    <ClInclude Include="include\engine\game\Game.h">
      <Filter>Header Files</Filter>
    </ClInclude>
    <ClInclude Include="include\engine\gfx\font\Font.h">
      <Filter>Header Files</Filter>
    </ClInclude>
    <ClInclude Include="include\engine\gfx\gui\base\Component.h">
      <Filter>Header Files</Filter>
    </ClInclude>
    <ClInclude Include="include\engine\gfx\gui\button\Button.h">
      <Filter>Header Files</Filter>
    </ClInclude>
    <ClInclude Include="include\engine\gfx\gui\console\Console.h">
      <Filter>Header Files</Filter>
    </ClInclude>
    <ClInclude Include="include\engine\gfx\gui\container\Container.h">
      <Filter>Header Files</Filter>
    </ClInclude>
    <ClInclude Include="include\engine\gfx\gui\container\ContainerPanel.h">
      <Filter>Header Files</Filter>
    </ClInclude>
    <ClInclude Include="include\engine\gfx\gui\counter\Counter.h">
      <Filter>Header Files</Filter>
    </ClInclude>
    <ClInclude Include="include\engine\gfx\gui\dropdown\DropDown.h">
      <Filter>Header Files</Filter>
    </ClInclude>
    <ClInclude Include="include\engine\gfx\gui\list\List.h">
      <Filter>Header Files</Filter>
    </ClInclude>
    <ClInclude Include="include\engine\gfx\gui\panel\Panel.h">
      <Filter>Header Files</Filter>
    </ClInclude>
    <ClInclude Include="include\engine\gfx\gui\slider\Slider.h">
      <Filter>Header Files</Filter>
    </ClInclude>
    <ClInclude Include="include\engine\gfx\gui\tabbar\TabBar.h">
      <Filter>Header Files</Filter>
    </ClInclude>
    <ClInclude Include="include\engine\gfx\gui\text\Text.h">
      <Filter>Header Files</Filter>
    </ClInclude>
    <ClInclude Include="include\engine\gfx\gui\text\TextField.h">
      <Filter>Header Files</Filter>
    </ClInclude>
    <ClInclude Include="include\engine\gfx\gui\tileset\Tileset.h">
      <Filter>Header Files</Filter>
    </ClInclude>
    <ClInclude Include="include\engine\gfx\gui\toolbar\Toolbar.h">
      <Filter>Header Files</Filter>
    </ClInclude>
    <ClInclude Include="include\engine\gfx\LTexture.h">
      <Filter>Header Files</Filter>
    </ClInclude>
    <ClInclude Include="include\engine\utils\collision\aabb.h">
      <Filter>Header Files</Filter>
    </ClInclude>
    <ClInclude Include="include\engine\utils\variable\datatype\Color.h">
      <Filter>Header Files</Filter>
    </ClInclude>
    <ClInclude Include="include\engine\utils\variable\datatype\Macros.h">
      <Filter>Header Files</Filter>
    </ClInclude>
    <ClInclude Include="include\engine\utils\variable\datatype\Rectangle.h">
      <Filter>Header Files</Filter>
    </ClInclude>
    <ClInclude Include="include\engine\utils\variable\datatype\Texture.h">
      <Filter>Header Files</Filter>
    </ClInclude>
    <ClInclude Include="include\engine\utils\variable\datatype\Tile.h">
      <Filter>Header Files</Filter>
    </ClInclude>
    <ClInclude Include="include\engine\utils\variable\datatype\Vector2.h">
      <Filter>Header Files</Filter>
    </ClInclude>
    <ClInclude Include="include\engine\utils\variable\datatype\Vector3.h">
      <Filter>Header Files</Filter>
    </ClInclude>
    <ClInclude Include="include\engine\utils\variable\datatype\Vector4.h">
      <Filter>Header Files</Filter>
    </ClInclude>
    <ClInclude Include="include\engine\utils\variable\manager\ColorManager.h">
      <Filter>Header Files</Filter>
    </ClInclude>
    <ClInclude Include="include\engine\utils\variable\manager\Manager.h">
      <Filter>Header Files</Filter>
    </ClInclude>
    <ClInclude Include="include\engine\utils\variable\manager\TextureManager.h">
      <Filter>Header Files</Filter>
    </ClInclude>
    <ClInclude Include="include\engine\utils\variable\manager\TileManager.h">
      <Filter>Header Files</Filter>
    </ClInclude>
    <ClInclude Include="include\engine\utils\Globals.h">
      <Filter>Header Files</Filter>
    </ClInclude>
    <ClInclude Include="include\engine\utils\OpenGL.h">
      <Filter>Header Files</Filter>
    </ClInclude>
    <ClInclude Include="include\engine\utils\Singleton.h">
      <Filter>Header Files</Filter>
    </ClInclude>
    <ClInclude Include="include\engine\utils\Utilities.h">
      <Filter>Header Files</Filter>
    </ClInclude>
    <ClInclude Include="include\Application.h">
      <Filter>Header Files</Filter>
    </ClInclude>
    <ClInclude Include="lib\devil\include\IL\config.h">
      <Filter>Header Files</Filter>
    </ClInclude>
    <ClInclude Include="lib\devil\include\IL\devil_internal_exports.h">
      <Filter>Header Files</Filter>
    </ClInclude>
    <ClInclude Include="lib\devil\include\IL\il.h">
      <Filter>Header Files</Filter>
    </ClInclude>
    <ClInclude Include="lib\devil\include\IL\il_wrap.h">
      <Filter>Header Files</Filter>
    </ClInclude>
    <ClInclude Include="lib\devil\include\IL\ilu.h">
      <Filter>Header Files</Filter>
    </ClInclude>
    <ClInclude Include="lib\devil\include\IL\ilu_region.h">
      <Filter>Header Files</Filter>
    </ClInclude>
    <ClInclude Include="lib\devil\include\IL\ilut.h">
      <Filter>Header Files</Filter>
    </ClInclude>
    <ClInclude Include="lib\devil\include\IL\ilut_config.h">
      <Filter>Header Files</Filter>
    </ClInclude>
    <ClInclude Include="lib\glew\include\GL\glew.h">
      <Filter>Header Files</Filter>
    </ClInclude>
    <ClInclude Include="lib\glew\include\GL\glxew.h">
      <Filter>Header Files</Filter>
    </ClInclude>
    <ClInclude Include="lib\glew\include\GL\wglew.h">
      <Filter>Header Files</Filter>
    </ClInclude>
    <ClInclude Include="lib\glfw\include\EGL\eglext.h">
      <Filter>Header Files</Filter>
    </ClInclude>
    <ClInclude Include="lib\glfw\include\GL\glext.h">
      <Filter>Header Files</Filter>
    </ClInclude>
    <ClInclude Include="lib\glfw\include\GL\glxext.h">
      <Filter>Header Files</Filter>
    </ClInclude>
    <ClInclude Include="lib\glfw\include\GL\wglext.h">
      <Filter>Header Files</Filter>
    </ClInclude>
    <ClInclude Include="lib\glfw\include\glad\glad.h">
      <Filter>Header Files</Filter>
    </ClInclude>
    <ClInclude Include="lib\glfw\include\GLFW\glfw3.h">
      <Filter>Header Files</Filter>
    </ClInclude>
    <ClInclude Include="lib\glfw\include\GLFW\glfw3native.h">
      <Filter>Header Files</Filter>
    </ClInclude>
    <ClInclude Include="lib\glfw\include\KHR\khrplatform.h">
      <Filter>Header Files</Filter>
    </ClInclude>
    <ClInclude Include="lib\glfw\include\getopt.h">
      <Filter>Header Files</Filter>
    </ClInclude>
    <ClInclude Include="lib\glfw\include\tinycthread.h">
      <Filter>Header Files</Filter>
    </ClInclude>
  </ItemGroup>
  <ItemGroup>
    <None Include="DevIL.dll" />
    <None Include="glew32.dll" />
    <None Include="glfw3.dll" />
    <None Include="ILU.dll" />
    <None Include="ILUT.dll" />
  </ItemGroup>
  <ItemGroup>
    <Image Include="res\texture\gui\BarDrop.png">
      <Filter>Resource Files</Filter>
    </Image>
    <Image Include="res\texture\gui\BarFlat.png">
      <Filter>Resource Files</Filter>
    </Image>
    <Image Include="res\texture\gui\BarFlatRound.png">
      <Filter>Resource Files</Filter>
    </Image>
    <Image Include="res\texture\gui\BarRect.png">
      <Filter>Resource Files</Filter>
    </Image>
    <Image Include="res\texture\gui\BarRound.png">
      <Filter>Resource Files</Filter>
    </Image>
    <Image Include="res\texture\gui\BarRoundDrop.png">
      <Filter>Resource Files</Filter>
    </Image>
    <Image Include="res\texture\gui\BarUnderline.png">
      <Filter>Resource Files</Filter>
    </Image>
    <Image Include="res\texture\gui\CheckboxOff.png">
      <Filter>Resource Files</Filter>
    </Image>
    <Image Include="res\texture\gui\CheckboxOn.png">
      <Filter>Resource Files</Filter>
    </Image>
    <Image Include="res\texture\Background.png">
      <Filter>Resource Files</Filter>
    </Image>
    <Image Include="res\texture\BinaryBrick.png">
      <Filter>Resource Files</Filter>
    </Image>
    <Image Include="res\texture\Fontsheet.png">
      <Filter>Resource Files</Filter>
    </Image>
    <Image Include="res\texture\GlitchBrick.png">
      <Filter>Resource Files</Filter>
    </Image>
    <Image Include="res\texture\Grid.png">
      <Filter>Resource Files</Filter>
    </Image>
    <Image Include="res\texture\Invisible.png">
      <Filter>Resource Files</Filter>
    </Image>
    <Image Include="res\texture\NoGrid.png">
      <Filter>Resource Files</Filter>
    </Image>
    <Image Include="res\texture\SlantBrick.png">
      <Filter>Resource Files</Filter>
    </Image>
    <Image Include="res\texture\Stone.png">
      <Filter>Resource Files</Filter>
    </Image>
    <Image Include="res\texture\Transparent.png">
      <Filter>Resource Files</Filter>
    </Image>
    <Image Include="res\texture\Trash.png">
      <Filter>Resource Files</Filter>
    </Image>
    <Image Include="res\texture\Visible.png">
      <Filter>Resource Files</Filter>
    </Image>
  </ItemGroup>
</Project>